
Microsoft Visual Studio Solution File, Format Version 12.00
# Visual Studio 15
VisualStudioVersion = 15.0.28307.168
MinimumVisualStudioVersion = 10.0.40219.1
Project("{FAE04EC0-301F-11D3-BF4B-00C04F79EFBC}") = "PersonenFormular", "PersonenFormular\PersonenFormular.csproj", "{2C3B5F6C-CB93-4B50-9D93-94D26FBF7522}"
EndProject
Project("{FAE04EC0-301F-11D3-BF4B-00C04F79EFBC}") = "GridMitAutomatischenAbstand", "GridMitAutomatischenAbstand\GridMitAutomatischenAbstand.csproj", "{31872720-5C6C-4E62-BF93-559B31D1D051}"
EndProject
Project("{9A19103F-16F7-4668-BE54-9A1E7A4F7556}") = "PersonenModels", "PersonenModels\PersonenModels.csproj", "{42F5EFB5-350B-4FF5-9661-3966F1C8E967}"
EndProject
Project("{FAE04EC0-301F-11D3-BF4B-00C04F79EFBC}") = "VisualTreeHelperTests", "VisualTreeHelperTests\VisualTreeHelperTests.csproj", "{87A0FB29-A987-4F2B-86B5-C67BEA15BA34}"
EndProject
Project("{FAE04EC0-301F-11D3-BF4B-00C04F79EFBC}") = "RadioGroupTester", "RadioGroupTester\RadioGroupTester.csproj", "{F5BC9F23-3DDB-4471-BE53-A088F5414E58}"
EndProject
Project("{FAE04EC0-301F-11D3-BF4B-00C04F79EFBC}") = "Lokalisierungsvarianten", "Lokalisierungsvarianten\Lokalisierungsvarianten.csproj", "{789B60F3-3C5B-41C1-9B21-852905F5038E}"
EndProject
Project("{2150E333-8FDC-42A3-9474-1A3956D46DE8}") = "Lokalisierung", "Lokalisierung", "{121DDF26-0878-4EFE-8E71-60EC048C13DA}"
EndProject
Project("{FAE04EC0-301F-11D3-BF4B-00C04F79EFBC}") = "Languages", "Languages\Languages.csproj", "{8E6B8409-3136-4509-B6A9-8A2E55A7AD1C}"
EndProject
Project("{FAE04EC0-301F-11D3-BF4B-00C04F79EFBC}") = "BookClient", "BookClient\BookClient.csproj", "{2105A857-4891-4748-B8A9-B7FFE70A83B3}"
EndProject
Project("{FAE04EC0-301F-11D3-BF4B-00C04F79EFBC}") = "CustomButtonTest", "CustomButtonTest\CustomButtonTest.csproj", "{0E98D9E0-58D1-48D2-84FD-357545DEC5C7}"
EndProject
Project("{FAE04EC0-301F-11D3-BF4B-00C04F79EFBC}") = "ControlTemplates", "ControlTemplates\ControlTemplates.csproj", "{F8C343C1-97D4-4E5C-8C7F-94727855F125}"
EndProject
Project("{FAE04EC0-301F-11D3-BF4B-00C04F79EFBC}") = "WetterApp", "WetterApp\WetterApp.csproj", "{80AB6CD3-CA80-491B-A6FE-7B3E1CF1CB77}"
EndProject
Project("{FAE04EC0-301F-11D3-BF4B-00C04F79EFBC}") = "ListBoxAffäre", "ListBoxAffäre\ListBoxAffäre.csproj", "{AA7B00DC-47B5-4494-9343-31E74D10D19C}"
EndProject
Project("{FAE04EC0-301F-11D3-BF4B-00C04F79EFBC}") = "DragUndDrop", "DragUndDrop\DragUndDrop.csproj", "{0D66F502-6D79-4DDE-93E0-F19405E1ADB9}"
EndProject
Project("{2150E333-8FDC-42A3-9474-1A3956D46DE8}") = "PersonenProjekte", "PersonenProjekte", "{FC1DBCB7-8BAB-4011-A82A-B314C87EDD69}"
EndProject
Project("{9A19103F-16F7-4668-BE54-9A1E7A4F7556}") = "MVVMHelperLibrary", "MVVMHelperLibrary\MVVMHelperLibrary.csproj", "{77C4FAB1-5DD3-4AB7-B8A2-07BBF3DE1AE8}"
EndProject
Project("{2150E333-8FDC-42A3-9474-1A3956D46DE8}") = "Helper", "Helper", "{F6AC4C7E-60B3-46A8-9A13-42D951EC39E9}"
EndProject
Project("{2150E333-8FDC-42A3-9474-1A3956D46DE8}") = "Für_Vladimir", "Für_Vladimir", "{33298AB2-47D3-4A73-B6CB-82629FFF8F15}"
EndProject
Project("{2150E333-8FDC-42A3-9474-1A3956D46DE8}") = "VisualLogicalTree", "VisualLogicalTree", "{8EC48553-9B79-41FD-9086-CA1FBC6EE94C}"
EndProject
Global
	GlobalSection(SolutionConfigurationPlatforms) = preSolution
		Debug|Any CPU = Debug|Any CPU
		Debug|x86 = Debug|x86
		Release|Any CPU = Release|Any CPU
		Release|x86 = Release|x86
	EndGlobalSection
	GlobalSection(ProjectConfigurationPlatforms) = postSolution
		{2C3B5F6C-CB93-4B50-9D93-94D26FBF7522}.Debug|Any CPU.ActiveCfg = Debug|Any CPU
		{2C3B5F6C-CB93-4B50-9D93-94D26FBF7522}.Debug|Any CPU.Build.0 = Debug|Any CPU
		{2C3B5F6C-CB93-4B50-9D93-94D26FBF7522}.Debug|x86.ActiveCfg = Debug|Any CPU
		{2C3B5F6C-CB93-4B50-9D93-94D26FBF7522}.Debug|x86.Build.0 = Debug|Any CPU
		{2C3B5F6C-CB93-4B50-9D93-94D26FBF7522}.Release|Any CPU.ActiveCfg = Release|Any CPU
		{2C3B5F6C-CB93-4B50-9D93-94D26FBF7522}.Release|Any CPU.Build.0 = Release|Any CPU
		{2C3B5F6C-CB93-4B50-9D93-94D26FBF7522}.Release|x86.ActiveCfg = Release|Any CPU
		{2C3B5F6C-CB93-4B50-9D93-94D26FBF7522}.Release|x86.Build.0 = Release|Any CPU
		{31872720-5C6C-4E62-BF93-559B31D1D051}.Debug|Any CPU.ActiveCfg = Debug|Any CPU
		{31872720-5C6C-4E62-BF93-559B31D1D051}.Debug|Any CPU.Build.0 = Debug|Any CPU
		{31872720-5C6C-4E62-BF93-559B31D1D051}.Debug|x86.ActiveCfg = Debug|Any CPU
		{31872720-5C6C-4E62-BF93-559B31D1D051}.Debug|x86.Build.0 = Debug|Any CPU
		{31872720-5C6C-4E62-BF93-559B31D1D051}.Release|Any CPU.ActiveCfg = Release|Any CPU
		{31872720-5C6C-4E62-BF93-559B31D1D051}.Release|Any CPU.Build.0 = Release|Any CPU
		{31872720-5C6C-4E62-BF93-559B31D1D051}.Release|x86.ActiveCfg = Release|Any CPU
		{31872720-5C6C-4E62-BF93-559B31D1D051}.Release|x86.Build.0 = Release|Any CPU
		{42F5EFB5-350B-4FF5-9661-3966F1C8E967}.Debug|Any CPU.ActiveCfg = Debug|Any CPU
		{42F5EFB5-350B-4FF5-9661-3966F1C8E967}.Debug|Any CPU.Build.0 = Debug|Any CPU
		{42F5EFB5-350B-4FF5-9661-3966F1C8E967}.Debug|x86.ActiveCfg = Debug|Any CPU
		{42F5EFB5-350B-4FF5-9661-3966F1C8E967}.Debug|x86.Build.0 = Debug|Any CPU
		{42F5EFB5-350B-4FF5-9661-3966F1C8E967}.Release|Any CPU.ActiveCfg = Release|Any CPU
		{42F5EFB5-350B-4FF5-9661-3966F1C8E967}.Release|Any CPU.Build.0 = Release|Any CPU
		{42F5EFB5-350B-4FF5-9661-3966F1C8E967}.Release|x86.ActiveCfg = Release|Any CPU
		{42F5EFB5-350B-4FF5-9661-3966F1C8E967}.Release|x86.Build.0 = Release|Any CPU
		{87A0FB29-A987-4F2B-86B5-C67BEA15BA34}.Debug|Any CPU.ActiveCfg = Debug|Any CPU
		{87A0FB29-A987-4F2B-86B5-C67BEA15BA34}.Debug|Any CPU.Build.0 = Debug|Any CPU
		{87A0FB29-A987-4F2B-86B5-C67BEA15BA34}.Debug|x86.ActiveCfg = Debug|Any CPU
		{87A0FB29-A987-4F2B-86B5-C67BEA15BA34}.Debug|x86.Build.0 = Debug|Any CPU
		{87A0FB29-A987-4F2B-86B5-C67BEA15BA34}.Release|Any CPU.ActiveCfg = Release|Any CPU
		{87A0FB29-A987-4F2B-86B5-C67BEA15BA34}.Release|Any CPU.Build.0 = Release|Any CPU
		{87A0FB29-A987-4F2B-86B5-C67BEA15BA34}.Release|x86.ActiveCfg = Release|Any CPU
		{87A0FB29-A987-4F2B-86B5-C67BEA15BA34}.Release|x86.Build.0 = Release|Any CPU
		{F5BC9F23-3DDB-4471-BE53-A088F5414E58}.Debug|Any CPU.ActiveCfg = Debug|Any CPU
		{F5BC9F23-3DDB-4471-BE53-A088F5414E58}.Debug|Any CPU.Build.0 = Debug|Any CPU
		{F5BC9F23-3DDB-4471-BE53-A088F5414E58}.Debug|x86.ActiveCfg = Debug|Any CPU
		{F5BC9F23-3DDB-4471-BE53-A088F5414E58}.Debug|x86.Build.0 = Debug|Any CPU
		{F5BC9F23-3DDB-4471-BE53-A088F5414E58}.Release|Any CPU.ActiveCfg = Release|Any CPU
		{F5BC9F23-3DDB-4471-BE53-A088F5414E58}.Release|Any CPU.Build.0 = Release|Any CPU
		{F5BC9F23-3DDB-4471-BE53-A088F5414E58}.Release|x86.ActiveCfg = Release|Any CPU
		{F5BC9F23-3DDB-4471-BE53-A088F5414E58}.Release|x86.Build.0 = Release|Any CPU
		{789B60F3-3C5B-41C1-9B21-852905F5038E}.Debug|Any CPU.ActiveCfg = Debug|Any CPU
		{789B60F3-3C5B-41C1-9B21-852905F5038E}.Debug|Any CPU.Build.0 = Debug|Any CPU
		{789B60F3-3C5B-41C1-9B21-852905F5038E}.Debug|x86.ActiveCfg = Debug|Any CPU
		{789B60F3-3C5B-41C1-9B21-852905F5038E}.Debug|x86.Build.0 = Debug|Any CPU
		{789B60F3-3C5B-41C1-9B21-852905F5038E}.Release|Any CPU.ActiveCfg = Release|Any CPU
		{789B60F3-3C5B-41C1-9B21-852905F5038E}.Release|Any CPU.Build.0 = Release|Any CPU
		{789B60F3-3C5B-41C1-9B21-852905F5038E}.Release|x86.ActiveCfg = Release|Any CPU
		{789B60F3-3C5B-41C1-9B21-852905F5038E}.Release|x86.Build.0 = Release|Any CPU
		{8E6B8409-3136-4509-B6A9-8A2E55A7AD1C}.Debug|Any CPU.ActiveCfg = Debug|Any CPU
		{8E6B8409-3136-4509-B6A9-8A2E55A7AD1C}.Debug|Any CPU.Build.0 = Debug|Any CPU
		{8E6B8409-3136-4509-B6A9-8A2E55A7AD1C}.Debug|x86.ActiveCfg = Debug|Any CPU
		{8E6B8409-3136-4509-B6A9-8A2E55A7AD1C}.Debug|x86.Build.0 = Debug|Any CPU
		{8E6B8409-3136-4509-B6A9-8A2E55A7AD1C}.Release|Any CPU.ActiveCfg = Release|Any CPU
		{8E6B8409-3136-4509-B6A9-8A2E55A7AD1C}.Release|Any CPU.Build.0 = Release|Any CPU
		{8E6B8409-3136-4509-B6A9-8A2E55A7AD1C}.Release|x86.ActiveCfg = Release|Any CPU
		{8E6B8409-3136-4509-B6A9-8A2E55A7AD1C}.Release|x86.Build.0 = Release|Any CPU
		{2105A857-4891-4748-B8A9-B7FFE70A83B3}.Debug|Any CPU.ActiveCfg = Debug|Any CPU
		{2105A857-4891-4748-B8A9-B7FFE70A83B3}.Debug|Any CPU.Build.0 = Debug|Any CPU
		{2105A857-4891-4748-B8A9-B7FFE70A83B3}.Debug|x86.ActiveCfg = Debug|Any CPU
		{2105A857-4891-4748-B8A9-B7FFE70A83B3}.Debug|x86.Build.0 = Debug|Any CPU
		{2105A857-4891-4748-B8A9-B7FFE70A83B3}.Release|Any CPU.ActiveCfg = Release|Any CPU
		{2105A857-4891-4748-B8A9-B7FFE70A83B3}.Release|Any CPU.Build.0 = Release|Any CPU
		{2105A857-4891-4748-B8A9-B7FFE70A83B3}.Release|x86.ActiveCfg = Release|Any CPU
		{2105A857-4891-4748-B8A9-B7FFE70A83B3}.Release|x86.Build.0 = Release|Any CPU
		{0E98D9E0-58D1-48D2-84FD-357545DEC5C7}.Debug|Any CPU.ActiveCfg = Debug|Any CPU
		{0E98D9E0-58D1-48D2-84FD-357545DEC5C7}.Debug|Any CPU.Build.0 = Debug|Any CPU
		{0E98D9E0-58D1-48D2-84FD-357545DEC5C7}.Debug|x86.ActiveCfg = Debug|Any CPU
		{0E98D9E0-58D1-48D2-84FD-357545DEC5C7}.Debug|x86.Build.0 = Debug|Any CPU
		{0E98D9E0-58D1-48D2-84FD-357545DEC5C7}.Release|Any CPU.ActiveCfg = Release|Any CPU
		{0E98D9E0-58D1-48D2-84FD-357545DEC5C7}.Release|Any CPU.Build.0 = Release|Any CPU
		{0E98D9E0-58D1-48D2-84FD-357545DEC5C7}.Release|x86.ActiveCfg = Release|Any CPU
		{0E98D9E0-58D1-48D2-84FD-357545DEC5C7}.Release|x86.Build.0 = Release|Any CPU
		{F8C343C1-97D4-4E5C-8C7F-94727855F125}.Debug|Any CPU.ActiveCfg = Debug|Any CPU
		{F8C343C1-97D4-4E5C-8C7F-94727855F125}.Debug|Any CPU.Build.0 = Debug|Any CPU
		{F8C343C1-97D4-4E5C-8C7F-94727855F125}.Debug|x86.ActiveCfg = Debug|Any CPU
		{F8C343C1-97D4-4E5C-8C7F-94727855F125}.Debug|x86.Build.0 = Debug|Any CPU
		{F8C343C1-97D4-4E5C-8C7F-94727855F125}.Release|Any CPU.ActiveCfg = Release|Any CPU
		{F8C343C1-97D4-4E5C-8C7F-94727855F125}.Release|Any CPU.Build.0 = Release|Any CPU
		{F8C343C1-97D4-4E5C-8C7F-94727855F125}.Release|x86.ActiveCfg = Release|Any CPU
		{F8C343C1-97D4-4E5C-8C7F-94727855F125}.Release|x86.Build.0 = Release|Any CPU
		{80AB6CD3-CA80-491B-A6FE-7B3E1CF1CB77}.Debug|Any CPU.ActiveCfg = Debug|Any CPU
		{80AB6CD3-CA80-491B-A6FE-7B3E1CF1CB77}.Debug|Any CPU.Build.0 = Debug|Any CPU
		{80AB6CD3-CA80-491B-A6FE-7B3E1CF1CB77}.Debug|x86.ActiveCfg = Debug|Any CPU
		{80AB6CD3-CA80-491B-A6FE-7B3E1CF1CB77}.Debug|x86.Build.0 = Debug|Any CPU
		{80AB6CD3-CA80-491B-A6FE-7B3E1CF1CB77}.Release|Any CPU.ActiveCfg = Release|Any CPU
		{80AB6CD3-CA80-491B-A6FE-7B3E1CF1CB77}.Release|Any CPU.Build.0 = Release|Any CPU
		{80AB6CD3-CA80-491B-A6FE-7B3E1CF1CB77}.Release|x86.ActiveCfg = Release|Any CPU
		{80AB6CD3-CA80-491B-A6FE-7B3E1CF1CB77}.Release|x86.Build.0 = Release|Any CPU
		{AA7B00DC-47B5-4494-9343-31E74D10D19C}.Debug|Any CPU.ActiveCfg = Debug|Any CPU
		{AA7B00DC-47B5-4494-9343-31E74D10D19C}.Debug|Any CPU.Build.0 = Debug|Any CPU
		{AA7B00DC-47B5-4494-9343-31E74D10D19C}.Debug|x86.ActiveCfg = Debug|Any CPU
		{AA7B00DC-47B5-4494-9343-31E74D10D19C}.Debug|x86.Build.0 = Debug|Any CPU
		{AA7B00DC-47B5-4494-9343-31E74D10D19C}.Release|Any CPU.ActiveCfg = Release|Any CPU
		{AA7B00DC-47B5-4494-9343-31E74D10D19C}.Release|Any CPU.Build.0 = Release|Any CPU
		{AA7B00DC-47B5-4494-9343-31E74D10D19C}.Release|x86.ActiveCfg = Release|Any CPU
		{AA7B00DC-47B5-4494-9343-31E74D10D19C}.Release|x86.Build.0 = Release|Any CPU
		{0D66F502-6D79-4DDE-93E0-F19405E1ADB9}.Debug|Any CPU.ActiveCfg = Debug|Any CPU
		{0D66F502-6D79-4DDE-93E0-F19405E1ADB9}.Debug|Any CPU.Build.0 = Debug|Any CPU
		{0D66F502-6D79-4DDE-93E0-F19405E1ADB9}.Debug|x86.ActiveCfg = Debug|Any CPU
		{0D66F502-6D79-4DDE-93E0-F19405E1ADB9}.Debug|x86.Build.0 = Debug|Any CPU
		{0D66F502-6D79-4DDE-93E0-F19405E1ADB9}.Release|Any CPU.ActiveCfg = Release|Any CPU
		{0D66F502-6D79-4DDE-93E0-F19405E1ADB9}.Release|Any CPU.Build.0 = Release|Any CPU
		{0D66F502-6D79-4DDE-93E0-F19405E1ADB9}.Release|x86.ActiveCfg = Release|Any CPU
		{0D66F502-6D79-4DDE-93E0-F19405E1ADB9}.Release|x86.Build.0 = Release|Any CPU
		{77C4FAB1-5DD3-4AB7-B8A2-07BBF3DE1AE8}.Debug|Any CPU.ActiveCfg = Debug|Any CPU
		{77C4FAB1-5DD3-4AB7-B8A2-07BBF3DE1AE8}.Debug|Any CPU.Build.0 = Debug|Any CPU
		{77C4FAB1-5DD3-4AB7-B8A2-07BBF3DE1AE8}.Debug|x86.ActiveCfg = Debug|Any CPU
		{77C4FAB1-5DD3-4AB7-B8A2-07BBF3DE1AE8}.Debug|x86.Build.0 = Debug|Any CPU
		{77C4FAB1-5DD3-4AB7-B8A2-07BBF3DE1AE8}.Release|Any CPU.ActiveCfg = Release|Any CPU
		{77C4FAB1-5DD3-4AB7-B8A2-07BBF3DE1AE8}.Release|Any CPU.Build.0 = Release|Any CPU
		{77C4FAB1-5DD3-4AB7-B8A2-07BBF3DE1AE8}.Release|x86.ActiveCfg = Release|Any CPU
		{77C4FAB1-5DD3-4AB7-B8A2-07BBF3DE1AE8}.Release|x86.Build.0 = Release|Any CPU
	EndGlobalSection
	GlobalSection(SolutionProperties) = preSolution
		HideSolutionNode = FALSE
	EndGlobalSection
	GlobalSection(NestedProjects) = preSolution
		{2C3B5F6C-CB93-4B50-9D93-94D26FBF7522} = {FC1DBCB7-8BAB-4011-A82A-B314C87EDD69}
		{31872720-5C6C-4E62-BF93-559B31D1D051} = {33298AB2-47D3-4A73-B6CB-82629FFF8F15}
		{42F5EFB5-350B-4FF5-9661-3966F1C8E967} = {FC1DBCB7-8BAB-4011-A82A-B314C87EDD69}
		{87A0FB29-A987-4F2B-86B5-C67BEA15BA34} = {8EC48553-9B79-41FD-9086-CA1FBC6EE94C}
		{789B60F3-3C5B-41C1-9B21-852905F5038E} = {121DDF26-0878-4EFE-8E71-60EC048C13DA}
		{8E6B8409-3136-4509-B6A9-8A2E55A7AD1C} = {121DDF26-0878-4EFE-8E71-60EC048C13DA}
		{0E98D9E0-58D1-48D2-84FD-357545DEC5C7} = {33298AB2-47D3-4A73-B6CB-82629FFF8F15}
		{AA7B00DC-47B5-4494-9343-31E74D10D19C} = {8EC48553-9B79-41FD-9086-CA1FBC6EE94C}
		{77C4FAB1-5DD3-4AB7-B8A2-07BBF3DE1AE8} = {F6AC4C7E-60B3-46A8-9A13-42D951EC39E9}
	EndGlobalSection
	GlobalSection(ExtensibilityGlobals) = postSolution
		SolutionGuid = {AB404FBE-34B4-4354-9164-4F8AFB42708D}
	EndGlobalSection
EndGlobal
