
Microsoft Visual Studio Solution File, Format Version 12.00
# Visual Studio 15
VisualStudioVersion = 15.0.28307.168
MinimumVisualStudioVersion = 10.0.40219.1
Project("{FAE04EC0-301F-11D3-BF4B-00C04F79EFBC}") = "PersonenFormular", "PersonenFormular\PersonenFormular.csproj", "{2C3B5F6C-CB93-4B50-9D93-94D26FBF7522}"
EndProject
Global
	GlobalSection(SolutionConfigurationPlatforms) = preSolution
		Debug|Any CPU = Debug|Any CPU
		Release|Any CPU = Release|Any CPU
	EndGlobalSection
	GlobalSection(ProjectConfigurationPlatforms) = postSolution
		{2C3B5F6C-CB93-4B50-9D93-94D26FBF7522}.Debug|Any CPU.ActiveCfg = Debug|Any CPU
		{2C3B5F6C-CB93-4B50-9D93-94D26FBF7522}.Debug|Any CPU.Build.0 = Debug|Any CPU
		{2C3B5F6C-CB93-4B50-9D93-94D26FBF7522}.Release|Any CPU.ActiveCfg = Release|Any CPU
		{2C3B5F6C-CB93-4B50-9D93-94D26FBF7522}.Release|Any CPU.Build.0 = Release|Any CPU
	EndGlobalSection
	GlobalSection(SolutionProperties) = preSolution
		HideSolutionNode = FALSE
	EndGlobalSection
	GlobalSection(ExtensibilityGlobals) = postSolution
		SolutionGuid = {AB404FBE-34B4-4354-9164-4F8AFB42708D}
	EndGlobalSection
EndGlobal
